// !$*UTF8*$!
{
	archiveVersion = 1;
	classes = {
	};
	objectVersion = 48;
	objects = {

/* Begin PBXBuildFile section */
		943E0B7A1F83BDA900C38B33 /* AppDelegate.swift in Sources */ = {isa = PBXBuildFile; fileRef = 943E0B791F83BDA900C38B33 /* AppDelegate.swift */; };
		943E0B7C1F83BDA900C38B33 /* playerViewController.swift in Sources */ = {isa = PBXBuildFile; fileRef = 943E0B7B1F83BDA900C38B33 /* playerViewController.swift */; };
		943E0B7F1F83BDA900C38B33 /* Main.storyboard in Resources */ = {isa = PBXBuildFile; fileRef = 943E0B7D1F83BDA900C38B33 /* Main.storyboard */; };
		943E0B811F83BDA900C38B33 /* Assets.xcassets in Resources */ = {isa = PBXBuildFile; fileRef = 943E0B801F83BDA900C38B33 /* Assets.xcassets */; };
		943E0B841F83BDA900C38B33 /* LaunchScreen.storyboard in Resources */ = {isa = PBXBuildFile; fileRef = 943E0B821F83BDA900C38B33 /* LaunchScreen.storyboard */; };
		943E0B8C1F83BDE800C38B33 /* song.swift in Sources */ = {isa = PBXBuildFile; fileRef = 943E0B8B1F83BDE800C38B33 /* song.swift */; };
		943E0B8E1F83BDFF00C38B33 /* mediaPlayer.swift in Sources */ = {isa = PBXBuildFile; fileRef = 943E0B8D1F83BDFF00C38B33 /* mediaPlayer.swift */; };
/* End PBXBuildFile section */

/* Begin PBXFileReference section */
		943E0B761F83BDA900C38B33 /* homework03-music.app */ = {isa = PBXFileReference; explicitFileType = wrapper.application; includeInIndex = 0; path = "homework03-music.app"; sourceTree = BUILT_PRODUCTS_DIR; };
		943E0B791F83BDA900C38B33 /* AppDelegate.swift */ = {isa = PBXFileReference; lastKnownFileType = sourcecode.swift; path = AppDelegate.swift; sourceTree = "<group>"; };
		943E0B7B1F83BDA900C38B33 /* playerViewController.swift */ = {isa = PBXFileReference; lastKnownFileType = sourcecode.swift; path = playerViewController.swift; sourceTree = "<group>"; };
		943E0B7E1F83BDA900C38B33 /* Base */ = {isa = PBXFileReference; lastKnownFileType = file.storyboard; name = Base; path = Base.lproj/Main.storyboard; sourceTree = "<group>"; };
		943E0B801F83BDA900C38B33 /* Assets.xcassets */ = {isa = PBXFileReference; lastKnownFileType = folder.assetcatalog; path = Assets.xcassets; sourceTree = "<group>"; };
		943E0B831F83BDA900C38B33 /* Base */ = {isa = PBXFileReference; lastKnownFileType = file.storyboard; name = Base; path = Base.lproj/LaunchScreen.storyboard; sourceTree = "<group>"; };
		943E0B851F83BDA900C38B33 /* Info.plist */ = {isa = PBXFileReference; lastKnownFileType = text.plist.xml; path = Info.plist; sourceTree = "<group>"; };
		943E0B8B1F83BDE800C38B33 /* song.swift */ = {isa = PBXFileReference; lastKnownFileType = sourcecode.swift; path = song.swift; sourceTree = "<group>"; };
		943E0B8D1F83BDFF00C38B33 /* mediaPlayer.swift */ = {isa = PBXFileReference; lastKnownFileType = sourcecode.swift; path = mediaPlayer.swift; sourceTree = "<group>"; };
/* End PBXFileReference section */

/* Begin PBXFrameworksBuildPhase section */
		943E0B731F83BDA900C38B33 /* Frameworks */ = {
			isa = PBXFrameworksBuildPhase;
			buildActionMask = 2147483647;
			files = (
			);
			runOnlyForDeploymentPostprocessing = 0;
		};
/* End PBXFrameworksBuildPhase section */

/* Begin PBXGroup section */
		943E0B6D1F83BDA900C38B33 = {
			isa = PBXGroup;
			children = (
				943E0B781F83BDA900C38B33 /* homework03-music */,
				943E0B771F83BDA900C38B33 /* Products */,
			);
			sourceTree = "<group>";
		};
		943E0B771F83BDA900C38B33 /* Products */ = {
			isa = PBXGroup;
			children = (
				943E0B761F83BDA900C38B33 /* homework03-music.app */,
			);
			name = Products;
			sourceTree = "<group>";
		};
		943E0B781F83BDA900C38B33 /* homework03-music */ = {
			isa = PBXGroup;
			children = (
				943E0B791F83BDA900C38B33 /* AppDelegate.swift */,
				943E0B7D1F83BDA900C38B33 /* Main.storyboard */,
				943E0B801F83BDA900C38B33 /* Assets.xcassets */,
				943E0B821F83BDA900C38B33 /* LaunchScreen.storyboard */,
				943E0B851F83BDA900C38B33 /* Info.plist */,
				943E0B7B1F83BDA900C38B33 /* playerViewController.swift */,
				943E0B8B1F83BDE800C38B33 /* song.swift */,
				943E0B8D1F83BDFF00C38B33 /* mediaPlayer.swift */,
			);
			path = "homework03-music";
			sourceTree = "<group>";
		};
/* End PBXGroup section */

/* Begin PBXNativeTarget section */
		943E0B751F83BDA900C38B33 /* homework03-music */ = {
			isa = PBXNativeTarget;
			buildConfigurationList = 943E0B881F83BDA900C38B33 /* Build configuration list for PBXNativeTarget "homework03-music" */;
			buildPhases = (
				943E0B721F83BDA900C38B33 /* Sources */,
				943E0B731F83BDA900C38B33 /* Frameworks */,
				943E0B741F83BDA900C38B33 /* Resources */,
			);
			buildRules = (
			);
			dependencies = (
			);
			name = "homework03-music";
			productName = "homework03-music";
			productReference = 943E0B761F83BDA900C38B33 /* homework03-music.app */;
			productType = "com.apple.product-type.application";
		};
/* End PBXNativeTarget section */

/* Begin PBXProject section */
		943E0B6E1F83BDA900C38B33 /* Project object */ = {
			isa = PBXProject;
			attributes = {
				LastSwiftUpdateCheck = 0900;
				LastUpgradeCheck = 0900;
				ORGANIZATIONNAME = zhiliang_wang;
				TargetAttributes = {
					943E0B751F83BDA900C38B33 = {
						CreatedOnToolsVersion = 9.0;
						ProvisioningStyle = Automatic;
					};
				};
			};
			buildConfigurationList = 943E0B711F83BDA900C38B33 /* Build configuration list for PBXProject "homework03-music" */;
			compatibilityVersion = "Xcode 8.0";
			developmentRegion = en;
			hasScannedForEncodings = 0;
			knownRegions = (
				en,
				Base,
			);
			mainGroup = 943E0B6D1F83BDA900C38B33;
			productRefGroup = 943E0B771F83BDA900C38B33 /* Products */;
			projectDirPath = "";
			projectRoot = "";
			targets = (
				943E0B751F83BDA900C38B33 /* homework03-music */,
			);
		};
/* End PBXProject section */

/* Begin PBXResourcesBuildPhase section */
		943E0B741F83BDA900C38B33 /* Resources */ = {
			isa = PBXResourcesBuildPhase;
			buildActionMask = 2147483647;
			files = (
				943E0B841F83BDA900C38B33 /* LaunchScreen.storyboard in Resources */,
				943E0B811F83BDA900C38B33 /* Assets.xcassets in Resources */,
				943E0B7F1F83BDA900C38B33 /* Main.storyboard in Resources */,
			);
			runOnlyForDeploymentPostprocessing = 0;
		};
/* End PBXResourcesBuildPhase section */

/* Begin PBXSourcesBuildPhase section */
		943E0B721F83BDA900C38B33 /* Sources */ = {
			isa = PBXSourcesBuildPhase;
			buildActionMask = 2147483647;
			files = (
				943E0B7C1F83BDA900C38B33 /* playerViewController.swift in Sources */,
				943E0B8E1F83BDFF00C38B33 /* mediaPlayer.swift in Sources */,
				943E0B7A1F83BDA900C38B33 /* AppDelegate.swift in Sources */,
				943E0B8C1F83BDE800C38B33 /* song.swift in Sources */,
			);
			runOnlyForDeploymentPostprocessing = 0;
		};
/* End PBXSourcesBuildPhase section */

/* Begin PBXVariantGroup section */
		943E0B7D1F83BDA900C38B33 /* Main.storyboard */ = {
			isa = PBXVariantGroup;
			children = (
				943E0B7E1F83BDA900C38B33 /* Base */,
			);
			name = Main.storyboard;
			sourceTree = "<group>";
		};
		943E0B821F83BDA900C38B33 /* LaunchScreen.storyboard */ = {
			isa = PBXVariantGroup;
			children = (
				943E0B831F83BDA900C38B33 /* Base */,
			);
			name = LaunchScreen.storyboard;
			sourceTree = "<group>";
		};
/* End PBXVariantGroup section */

/* Begin XCBuildConfiguration section */
		943E0B861F83BDA900C38B33 /* Debug */ = {
			isa = XCBuildConfiguration;
			buildSettings = {
				ALWAYS_SEARCH_USER_PATHS = NO;
				CLANG_ANALYZER_NONNULL = YES;
				CLANG_ANALYZER_NUMBER_OBJECT_CONVERSION = YES_AGGRESSIVE;
				CLANG_CXX_LANGUAGE_STANDARD = "gnu++14";
				CLANG_CXX_LIBRARY = "libc++";
				CLANG_ENABLE_MODULES = YES;
				CLANG_ENABLE_OBJC_ARC = YES;
				CLANG_WARN_BLOCK_CAPTURE_AUTORELEASING = YES;
				CLANG_WARN_BOOL_CONVERSION = YES;
				CLANG_WARN_COMMA = YES;
				CLANG_WARN_CONSTANT_CONVERSION = YES;
				CLANG_WARN_DIRECT_OBJC_ISA_USAGE = YES_ERROR;
				CLANG_WARN_DOCUMENTATION_COMMENTS = YES;
				CLANG_WARN_EMPTY_BODY = YES;
				CLANG_WARN_ENUM_CONVERSION = YES;
				CLANG_WARN_INFINITE_RECURSION = YES;
				CLANG_WARN_INT_CONVERSION = YES;
				CLANG_WARN_NON_LITERAL_NULL_CONVERSION = YES;
				CLANG_WARN_OBJC_LITERAL_CONVERSION = YES;
				CLANG_WARN_OBJC_ROOT_CLASS = YES_ERROR;
				CLANG_WARN_RANGE_LOOP_ANALYSIS = YES;
				CLANG_WARN_STRICT_PROTOTYPES = YES;
				CLANG_WARN_SUSPICIOUS_MOVE = YES;
				CLANG_WARN_UNGUARDED_AVAILABILITY = YES_AGGRESSIVE;
				CLANG_WARN_UNREACHABLE_CODE = YES;
				CLANG_WARN__DUPLICATE_METHOD_MATCH = YES;
				CODE_SIGN_IDENTITY = "iPhone Developer";
				COPY_PHASE_STRIP = NO;
				DEBUG_INFORMATION_FORMAT = dwarf;
				ENABLE_STRICT_OBJC_MSGSEND = YES;
				ENABLE_TESTABILITY = YES;
				GCC_C_LANGUAGE_STANDARD = gnu11;
				GCC_DYNAMIC_NO_PIC = NO;
				GCC_NO_COMMON_BLOCKS = YES;
				GCC_OPTIMIZATION_LEVEL = 0;
				GCC_PREPROCESSOR_DEFINITIONS = (
					"DEBUG=1",
					"$(inherited)",
				);
				GCC_WARN_64_TO_32_BIT_CONVERSION = YES;
				GCC_WARN_ABOUT_RETURN_TYPE = YES_ERROR;
				GCC_WARN_UNDECLARED_SELECTOR = YES;
				GCC_WARN_UNINITIALIZED_AUTOS = YES_AGGRESSIVE;
				GCC_WARN_UNUSED_FUNCTION = YES;
				GCC_WARN_UNUSED_VARIABLE = YES;
				IPHONEOS_DEPLOYMENT_TARGET = 11.0;
				MTL_ENABLE_DEBUG_INFO = YES;
				ONLY_ACTIVE_ARCH = YES;
				SDKROOT = iphoneos;
				SWIFT_ACTIVE_COMPILATION_CONDITIONS = DEBUG;
				SWIFT_OPTIMIZATION_LEVEL = "-Onone";
			};
			name = Debug;
		};
		943E0B871F83BDA900C38B33 /* Release */ = {
			isa = XCBuildConfiguration;
			buildSettings = {
				ALWAYS_SEARCH_USER_PATHS = NO;
				CLANG_ANALYZER_NONNULL = YES;
				CLANG_ANALYZER_NUMBER_OBJECT_CONVERSION = YES_AGGRESSIVE;
				CLANG_CXX_LANGUAGE_STANDARD = "gnu++14";
				CLANG_CXX_LIBRARY = "libc++";
				CLANG_ENABLE_MODULES = YES;
				CLANG_ENABLE_OBJC_ARC = YES;
				CLANG_WARN_BLOCK_CAPTURE_AUTORELEASING = YES;
				CLANG_WARN_BOOL_CONVERSION = YES;
				CLANG_WARN_COMMA = YES;
				CLANG_WARN_CONSTANT_CONVERSION = YES;
				CLANG_WARN_DIRECT_OBJC_ISA_USAGE = YES_ERROR;
				CLANG_WARN_DOCUMENTATION_COMMENTS = YES;
				CLANG_WARN_EMPTY_BODY = YES;
				CLANG_WARN_ENUM_CONVERSION = YES;
				CLANG_WARN_INFINITE_RECURSION = YES;
				CLANG_WARN_INT_CONVERSION = YES;
				CLANG_WARN_NON_LITERAL_NULL_CONVERSION = YES;
				CLANG_WARN_OBJC_LITERAL_CONVERSION = YES;
				CLANG_WARN_OBJC_ROOT_CLASS = YES_ERROR;
				CLANG_WARN_RANGE_LOOP_ANALYSIS = YES;
				CLANG_WARN_STRICT_PROTOTYPES = YES;
				CLANG_WARN_SUSPICIOUS_MOVE = YES;
				CLANG_WARN_UNGUARDED_AVAILABILITY = YES_AGGRESSIVE;
				CLANG_WARN_UNREACHABLE_CODE = YES;
				CLANG_WARN__DUPLICATE_METHOD_MATCH = YES;
				CODE_SIGN_IDENTITY = "iPhone Developer";
				COPY_PHASE_STRIP = NO;
				DEBUG_INFORMATION_FORMAT = "dwarf-with-dsym";
				ENABLE_NS_ASSERTIONS = NO;
				ENABLE_STRICT_OBJC_MSGSEND = YES;
				GCC_C_LANGUAGE_STANDARD = gnu11;
				GCC_NO_COMMON_BLOCKS = YES;
				GCC_WARN_64_TO_32_BIT_CONVERSION = YES;
				GCC_WARN_ABOUT_RETURN_TYPE = YES_ERROR;
				GCC_WARN_UNDECLARED_SELECTOR = YES;
				GCC_WARN_UNINITIALIZED_AUTOS = YES_AGGRESSIVE;
				GCC_WARN_UNUSED_FUNCTION = YES;
				GCC_WARN_UNUSED_VARIABLE = YES;
				IPHONEOS_DEPLOYMENT_TARGET = 11.0;
				MTL_ENABLE_DEBUG_INFO = NO;
				SDKROOT = iphoneos;
				SWIFT_OPTIMIZATION_LEVEL = "-Owholemodule";
				VALIDATE_PRODUCT = YES;
			};
			name = Release;
		};
		943E0B891F83BDA900C38B33 /* Debug */ = {
			isa = XCBuildConfiguration;
			buildSettings = {
				ASSETCATALOG_COMPILER_APPICON_NAME = AppIcon;
				CODE_SIGN_STYLE = Automatic;
				DEVELOPMENT_TEAM = 23WJ8GSS22;
				INFOPLIST_FILE = "homework03-music/Info.plist";
				LD_RUNPATH_SEARCH_PATHS = "$(inherited) @executable_path/Frameworks";
				PRODUCT_BUNDLE_IDENTIFIER = "culture2.com.au.homework03-music";
				PRODUCT_NAME = "$(TARGET_NAME)";
				SWIFT_VERSION = 4.0;
				TARGETED_DEVICE_FAMILY = "1,2";
			};
			name = Debug;
		};
		943E0B8A1F83BDA900C38B33 /* Release */ = {
			isa = XCBuildConfiguration;
			buildSettings = {
				ASSETCATALOG_COMPILER_APPICON_NAME = AppIcon;
				CODE_SIGN_STYLE = Automatic;
				DEVELOPMENT_TEAM = 23WJ8GSS22;
				INFOPLIST_FILE = "homework03-music/Info.plist";
				LD_RUNPATH_SEARCH_PATHS = "$(inherited) @executable_path/Frameworks";
				PRODUCT_BUNDLE_IDENTIFIER = "culture2.com.au.homework03-music";
				PRODUCT_NAME = "$(TARGET_NAME)";
				SWIFT_VERSION = 4.0;
				TARGETED_DEVICE_FAMILY = "1,2";
			};
			name = Release;
		};
/* End XCBuildConfiguration section */

/* Begin XCConfigurationList section */
		943E0B711F83BDA900C38B33 /* Build configuration list for PBXProject "homework03-music" */ = {
			isa = XCConfigurationList;
			buildConfigurations = (
				943E0B861F83BDA900C38B33 /* Debug */,
				943E0B871F83BDA900C38B33 /* Release */,
			);
			defaultConfigurationIsVisible = 0;
			defaultConfigurationName = Release;
		};
		943E0B881F83BDA900C38B33 /* Build configuration list for PBXNativeTarget "homework03-music" */ = {
			isa = XCConfigurationList;
			buildConfigurations = (
				943E0B891F83BDA900C38B33 /* Debug */,
				943E0B8A1F83BDA900C38B33 /* Release */,
			);
			defaultConfigurationIsVisible = 0;
			defaultConfigurationName = Release;
		};
/* End XCConfigurationList section */
	};
	rootObject = 943E0B6E1F83BDA900C38B33 /* Project object */;
}
